
Microsoft Visual Studio Solution File, Format Version 12.00
# Visual Studio 15
VisualStudioVersion = 15.0.27130.2010
MinimumVisualStudioVersion = 10.0.40219.1
Project("{FAE04EC0-301F-11D3-BF4B-00C04F79EFBC}") = "FileSteamGRPC", "FileSteamGRPC\FileSteamGRPC.csproj", "{C64BC982-D895-4591-B653-75056F2B89C6}"
EndProject
Project("{FAE04EC0-301F-11D3-BF4B-00C04F79EFBC}") = "FileSteamServer", "FileSteamServer\FileSteamServer.csproj", "{D2D48A74-15AD-4CCD-B900-626F12F3EEF5}"
EndProject
Global
	GlobalSection(SolutionConfigurationPlatforms) = preSolution
		Debug|Any CPU = Debug|Any CPU
		Release|Any CPU = Release|Any CPU
	EndGlobalSection
	GlobalSection(ProjectConfigurationPlatforms) = postSolution
		{C64BC982-D895-4591-B653-75056F2B89C6}.Debug|Any CPU.ActiveCfg = Debug|Any CPU
		{C64BC982-D895-4591-B653-75056F2B89C6}.Debug|Any CPU.Build.0 = Debug|Any CPU
		{C64BC982-D895-4591-B653-75056F2B89C6}.Release|Any CPU.ActiveCfg = Release|Any CPU
		{C64BC982-D895-4591-B653-75056F2B89C6}.Release|Any CPU.Build.0 = Release|Any CPU
		{D2D48A74-15AD-4CCD-B900-626F12F3EEF5}.Debug|Any CPU.ActiveCfg = Debug|Any CPU
		{D2D48A74-15AD-4CCD-B900-626F12F3EEF5}.Debug|Any CPU.Build.0 = Debug|Any CPU
		{D2D48A74-15AD-4CCD-B900-626F12F3EEF5}.Release|Any CPU.ActiveCfg = Release|Any CPU
		{D2D48A74-15AD-4CCD-B900-626F12F3EEF5}.Release|Any CPU.Build.0 = Release|Any CPU
	EndGlobalSection
	GlobalSection(SolutionProperties) = preSolution
		HideSolutionNode = FALSE
	EndGlobalSection
	GlobalSection(ExtensibilityGlobals) = postSolution
		SolutionGuid = {156FE3E4-7293-4316-8B39-F761C4007AFF}
	EndGlobalSection
EndGlobal
